
Microsoft Visual Studio Solution File, Format Version 12.00
# Visual Studio Version 17
VisualStudioVersion = 17.3.32811.315
MinimumVisualStudioVersion = 10.0.40219.1
Project("{FAE04EC0-301F-11D3-BF4B-00C04F79EFBC}") = "Freya RAT", "Freya RAT\Freya RAT.csproj", "{D22CBDE8-1A4E-478E-9EC7-7CB6C3C91F8F}"
EndProject
Global
	GlobalSection(SolutionConfigurationPlatforms) = preSolution
		Debug|Any CPU = Debug|Any CPU
		Release|Any CPU = Release|Any CPU
	EndGlobalSection
	GlobalSection(ProjectConfigurationPlatforms) = postSolution
		{D22CBDE8-1A4E-478E-9EC7-7CB6C3C91F8F}.Debug|Any CPU.ActiveCfg = Debug|Any CPU
		{D22CBDE8-1A4E-478E-9EC7-7CB6C3C91F8F}.Debug|Any CPU.Build.0 = Debug|Any CPU
		{D22CBDE8-1A4E-478E-9EC7-7CB6C3C91F8F}.Release|Any CPU.ActiveCfg = Release|Any CPU
		{D22CBDE8-1A4E-478E-9EC7-7CB6C3C91F8F}.Release|Any CPU.Build.0 = Release|Any CPU
	EndGlobalSection
	GlobalSection(SolutionProperties) = preSolution
		HideSolutionNode = FALSE
	EndGlobalSection
	GlobalSection(ExtensibilityGlobals) = postSolution
		SolutionGuid = {CD6A234D-DBA1-4DD9-A8CD-644D6D56B0E4}
	EndGlobalSection
EndGlobal
